
Microsoft Visual Studio Solution File, Format Version 12.00
# Visual Studio 15
Project("{FAE04EC0-301F-11D3-BF4B-00C04F79EFBC}") = "Assembly-CSharp", "Assembly-CSharp.csproj", "{5BFD689A-8F3F-7DD2-8C7F-BE2844DA09CF}"
EndProject
Project("{FAE04EC0-301F-11D3-BF4B-00C04F79EFBC}") = "Unity.XR.Interaction.Toolkit.Samples.StarterAssets", "Unity.XR.Interaction.Toolkit.Samples.StarterAssets.csproj", "{1D9A7F6B-57FE-1CA2-F9BF-2456495A17EE}"
EndProject
Project("{FAE04EC0-301F-11D3-BF4B-00C04F79EFBC}") = "Unity.XR.Interaction.Toolkit.Samples.StarterAssets.Editor", "Unity.XR.Interaction.Toolkit.Samples.StarterAssets.Editor.csproj", "{0CE98A51-B048-B616-46A8-C9B3DA58E4C1}"
EndProject
Global
	GlobalSection(SolutionConfigurationPlatforms) = preSolution
		Debug|Any CPU = Debug|Any CPU
		Release|Any CPU = Release|Any CPU
	EndGlobalSection
	GlobalSection(ProjectConfigurationPlatforms) = postSolution
		{5BFD689A-8F3F-7DD2-8C7F-BE2844DA09CF}.Debug|Any CPU.ActiveCfg = Debug|Any CPU
		{5BFD689A-8F3F-7DD2-8C7F-BE2844DA09CF}.Debug|Any CPU.Build.0 = Debug|Any CPU
		{5BFD689A-8F3F-7DD2-8C7F-BE2844DA09CF}.Release|Any CPU.ActiveCfg = Release|Any CPU
		{5BFD689A-8F3F-7DD2-8C7F-BE2844DA09CF}.Release|Any CPU.Build.0 = Release|Any CPU
		{1D9A7F6B-57FE-1CA2-F9BF-2456495A17EE}.Debug|Any CPU.ActiveCfg = Debug|Any CPU
		{1D9A7F6B-57FE-1CA2-F9BF-2456495A17EE}.Debug|Any CPU.Build.0 = Debug|Any CPU
		{1D9A7F6B-57FE-1CA2-F9BF-2456495A17EE}.Release|Any CPU.ActiveCfg = Release|Any CPU
		{1D9A7F6B-57FE-1CA2-F9BF-2456495A17EE}.Release|Any CPU.Build.0 = Release|Any CPU
		{0CE98A51-B048-B616-46A8-C9B3DA58E4C1}.Debug|Any CPU.ActiveCfg = Debug|Any CPU
		{0CE98A51-B048-B616-46A8-C9B3DA58E4C1}.Debug|Any CPU.Build.0 = Debug|Any CPU
		{0CE98A51-B048-B616-46A8-C9B3DA58E4C1}.Release|Any CPU.ActiveCfg = Release|Any CPU
		{0CE98A51-B048-B616-46A8-C9B3DA58E4C1}.Release|Any CPU.Build.0 = Release|Any CPU
	EndGlobalSection
	GlobalSection(SolutionProperties) = preSolution
		HideSolutionNode = FALSE
	EndGlobalSection
EndGlobal
